// !$*UTF8*$!
{
	archiveVersion = 1;
	classes = {
	};
	objectVersion = 77;
	objects = {

/* Begin PBXBuildFile section */
		0022578FDB9C8FB2BD05974E /* IconGenerator.swift in Sources */ = {isa = PBXBuildFile; fileRef = F8E053317EF7AF58AA3FACD9 /* IconGenerator.swift */; };

		2A51C6406D362113DABE2CF1 /* TextActions.swift in Sources */ = {isa = PBXBuildFile; fileRef = 37B44F63991DF2D38B5A59E2 /* TextActions.swift */; };
		4715C75B0747A25FE3A20435 /* CaseToggle.swift in Sources */ = {isa = PBXBuildFile; fileRef = 5BE0FC2957C96F6E0DC7A0A3 /* CaseToggle.swift */; };
		4C8F88D8AC11EEE74D7525A5 /* Transliterator.swift in Sources */ = {isa = PBXBuildFile; fileRef = F91586DB4C4F5A786B5F2AF5 /* Transliterator.swift */; };


		6430FD34676C0716232BF99F /* AppIcon.iconset in Resources */ = {isa = PBXBuildFile; fileRef = E4E75ABD2C2EDAC217924459 /* AppIcon.iconset */; };
		6BB05F09A4141D8E33E51504 /* SimpleLayoutSwitcher.swift in Sources */ = {isa = PBXBuildFile; fileRef = 9B974AFB475F652B5B938348 /* SimpleLayoutSwitcher.swift */; };
		735E7838B6BEEDA0B7EF3807 /* main.swift in Sources */ = {isa = PBXBuildFile; fileRef = 83F3559EAB327E14B195E97C /* main.swift */; };
		781BD5BF9F6D9168364A8C20 /* HotkeyManager.swift in Sources */ = {isa = PBXBuildFile; fileRef = B393DBE54001F2FD04F23F07 /* HotkeyManager.swift */; };
		82511E26FB4A956AE299C45B /* AppIconGenerator.swift in Sources */ = {isa = PBXBuildFile; fileRef = 606BCA7E6DDAD523FD3ED921 /* AppIconGenerator.swift */; };
		8D79ACE5DE14C4572E7DE940 /* AccessibilityHelper.swift in Sources */ = {isa = PBXBuildFile; fileRef = 98EFA333F86EA62BB228E9B3 /* AccessibilityHelper.swift */; };
		9733938794B5AB766A6747EF /* WorkingHotkeyManager.swift in Sources */ = {isa = PBXBuildFile; fileRef = 9CB974F0117D2989A1F44476 /* WorkingHotkeyManager.swift */; };
		BCAB34B93D8BDF4B3944BF8B /* AppIcon.png in Resources */ = {isa = PBXBuildFile; fileRef = E518EA0FC234F6411EED1F4B /* AppIcon.png */; };
		D7D0036A43B5A151D61470D9 /* SimpleHotkeyDetector.swift in Sources */ = {isa = PBXBuildFile; fileRef = 064A97C6635E16FC83598C29 /* SimpleHotkeyDetector.swift */; };
		EDC581511B8EC6D69ADB87FF /* SimpleAppDelegate.swift in Sources */ = {isa = PBXBuildFile; fileRef = 8D0A5EC2C5FF2CEF75110B7A /* SimpleAppDelegate.swift */; };
		F9AE8FC86F574ADB9141DC91 /* SimpleHotkeyManager.swift in Sources */ = {isa = PBXBuildFile; fileRef = A6D82A1E8638FC92C1A251A2 /* SimpleHotkeyManager.swift */; };
		BF2A349CB6AA45358B51427D /* AccessibilityPermissionWindow.swift in Sources */ = {isa = PBXBuildFile; fileRef = 960FB92DFC3C409F9CF65765 /* AccessibilityPermissionWindow.swift */; };
/* End PBXBuildFile section */

/* Begin PBXFileReference section */
		064A97C6635E16FC83598C29 /* SimpleHotkeyDetector.swift */ = {isa = PBXFileReference; lastKnownFileType = sourcecode.swift; path = SimpleHotkeyDetector.swift; sourceTree = "<group>"; };

		960FB92DFC3C409F9CF65765 /* AccessibilityPermissionWindow.swift */ = {isa = PBXFileReference; lastKnownFileType = sourcecode.swift; path = AccessibilityPermissionWindow.swift; sourceTree = "<group>"; };

		37B44F63991DF2D38B5A59E2 /* TextActions.swift */ = {isa = PBXFileReference; lastKnownFileType = sourcecode.swift; path = TextActions.swift; sourceTree = "<group>"; };
		5BE0FC2957C96F6E0DC7A0A3 /* CaseToggle.swift */ = {isa = PBXFileReference; lastKnownFileType = sourcecode.swift; path = CaseToggle.swift; sourceTree = "<group>"; };
		606BCA7E6DDAD523FD3ED921 /* AppIconGenerator.swift */ = {isa = PBXFileReference; lastKnownFileType = sourcecode.swift; path = AppIconGenerator.swift; sourceTree = "<group>"; };
		83F3559EAB327E14B195E97C /* main.swift */ = {isa = PBXFileReference; lastKnownFileType = sourcecode.swift; path = main.swift; sourceTree = "<group>"; };
		8D0A5EC2C5FF2CEF75110B7A /* SimpleAppDelegate.swift */ = {isa = PBXFileReference; lastKnownFileType = sourcecode.swift; path = SimpleAppDelegate.swift; sourceTree = "<group>"; };
		98EFA333F86EA62BB228E9B3 /* AccessibilityHelper.swift */ = {isa = PBXFileReference; lastKnownFileType = sourcecode.swift; path = AccessibilityHelper.swift; sourceTree = "<group>"; };
		9B974AFB475F652B5B938348 /* SimpleLayoutSwitcher.swift */ = {isa = PBXFileReference; lastKnownFileType = sourcecode.swift; path = SimpleLayoutSwitcher.swift; sourceTree = "<group>"; };
		9CB974F0117D2989A1F44476 /* WorkingHotkeyManager.swift */ = {isa = PBXFileReference; lastKnownFileType = sourcecode.swift; path = WorkingHotkeyManager.swift; sourceTree = "<group>"; };
		A6D82A1E8638FC92C1A251A2 /* SimpleHotkeyManager.swift */ = {isa = PBXFileReference; lastKnownFileType = sourcecode.swift; path = SimpleHotkeyManager.swift; sourceTree = "<group>"; };
		AA12020CAAF47A304C276686 /* Teximo.app */ = {isa = PBXFileReference; explicitFileType = wrapper.application; includeInIndex = 0; path = Teximo.app; sourceTree = BUILT_PRODUCTS_DIR; };
		B393DBE54001F2FD04F23F07 /* HotkeyManager.swift */ = {isa = PBXFileReference; lastKnownFileType = sourcecode.swift; path = HotkeyManager.swift; sourceTree = "<group>"; };

		CF7791C4CD9B3B9406E439A5 /* Info.plist */ = {isa = PBXFileReference; lastKnownFileType = text.plist; path = Info.plist; sourceTree = "<group>"; };
		E4E75ABD2C2EDAC217924459 /* AppIcon.iconset */ = {isa = PBXFileReference; lastKnownFileType = folder.iconset; path = AppIcon.iconset; sourceTree = "<group>"; };
		E518EA0FC234F6411EED1F4B /* AppIcon.png */ = {isa = PBXFileReference; lastKnownFileType = image.png; path = AppIcon.png; sourceTree = "<group>"; };
		F8E053317EF7AF58AA3FACD9 /* IconGenerator.swift */ = {isa = PBXFileReference; lastKnownFileType = sourcecode.swift; path = IconGenerator.swift; sourceTree = "<group>"; };
		F91586DB4C4F5A786B5F2AF5 /* Transliterator.swift */ = {isa = PBXFileReference; lastKnownFileType = sourcecode.swift; path = Transliterator.swift; sourceTree = "<group>"; };
/* End PBXFileReference section */

/* Begin PBXGroup section */
		3A4D204AD516124C79EE1ABA /* Products */ = {
			isa = PBXGroup;
			children = (
				AA12020CAAF47A304C276686 /* Teximo.app */,
			);
			name = Products;
			sourceTree = "<group>";
		};
		484CA8F16F54D0EDE853E23B /* Teximo */ = {
			isa = PBXGroup;
			children = (
				98EFA333F86EA62BB228E9B3 /* AccessibilityHelper.swift */,
				960FB92DFC3C409F9CF65765 /* AccessibilityPermissionWindow.swift */,

				E4E75ABD2C2EDAC217924459 /* AppIcon.iconset */,
				E518EA0FC234F6411EED1F4B /* AppIcon.png */,
				606BCA7E6DDAD523FD3ED921 /* AppIconGenerator.swift */,
				5BE0FC2957C96F6E0DC7A0A3 /* CaseToggle.swift */,
				B393DBE54001F2FD04F23F07 /* HotkeyManager.swift */,
				F8E053317EF7AF58AA3FACD9 /* IconGenerator.swift */,
				CF7791C4CD9B3B9406E439A5 /* Info.plist */,

				83F3559EAB327E14B195E97C /* main.swift */,
				8D0A5EC2C5FF2CEF75110B7A /* SimpleAppDelegate.swift */,
				064A97C6635E16FC83598C29 /* SimpleHotkeyDetector.swift */,
				A6D82A1E8638FC92C1A251A2 /* SimpleHotkeyManager.swift */,
				9B974AFB475F652B5B938348 /* SimpleLayoutSwitcher.swift */,
				37B44F63991DF2D38B5A59E2 /* TextActions.swift */,

				F91586DB4C4F5A786B5F2AF5 /* Transliterator.swift */,
				9CB974F0117D2989A1F44476 /* WorkingHotkeyManager.swift */,
			);
			name = Teximo;
			path = Sources/Teximo;
			sourceTree = "<group>";
		};
		8B4CCE9A77A924D2AC9B2669 = {
			isa = PBXGroup;
			children = (
				484CA8F16F54D0EDE853E23B /* Teximo */,
				3A4D204AD516124C79EE1ABA /* Products */,
			);
			sourceTree = "<group>";
		};
/* End PBXGroup section */

/* Begin PBXNativeTarget section */
		CE4308C254BC5B4FBBD40368 /* Teximo */ = {
			isa = PBXNativeTarget;
			buildConfigurationList = DF5E996DFA50175A0A29FE07 /* Build configuration list for PBXNativeTarget "Teximo" */;
			buildPhases = (
				77F67AD15CCB3C54CC06E882 /* Sources */,
				1EC3197425E58DBFEB2ACA8D /* Resources */,
			);
			buildRules = (
			);
			dependencies = (
			);
			name = Teximo;
			packageProductDependencies = (
			);
			productName = Teximo;
			productReference = AA12020CAAF47A304C276686 /* Teximo.app */;
			productType = "com.apple.product-type.application";
		};
/* End PBXNativeTarget section */

/* Begin PBXProject section */
		88D94721360BB7DDE788B3CD /* Project object */ = {
			isa = PBXProject;
			attributes = {
				BuildIndependentTargetsInParallel = YES;
				LastUpgradeCheck = 1430;
				TargetAttributes = {
					CE4308C254BC5B4FBBD40368 = {
						ProvisioningStyle = Automatic;
					};
				};
			};
			buildConfigurationList = 5030246BEEDB50C996956E57 /* Build configuration list for PBXProject "Teximo" */;
			compatibilityVersion = "Xcode 14.0";
			developmentRegion = en;
			hasScannedForEncodings = 0;
			knownRegions = (
				Base,
				en,
			);
			mainGroup = 8B4CCE9A77A924D2AC9B2669;
			minimizedProjectReferenceProxies = 1;
			preferredProjectObjectVersion = 77;
			projectDirPath = "";
			projectRoot = "";
			targets = (
				CE4308C254BC5B4FBBD40368 /* Teximo */,
			);
		};
/* End PBXProject section */

/* Begin PBXResourcesBuildPhase section */
		1EC3197425E58DBFEB2ACA8D /* Resources */ = {
			isa = PBXResourcesBuildPhase;
			buildActionMask = 2147483647;
			files = (
				6430FD34676C0716232BF99F /* AppIcon.iconset in Resources */,
				BCAB34B93D8BDF4B3944BF8B /* AppIcon.png in Resources */,
			);
			runOnlyForDeploymentPostprocessing = 0;
		};
/* End PBXResourcesBuildPhase section */

/* Begin PBXSourcesBuildPhase section */
		77F67AD15CCB3C54CC06E882 /* Sources */ = {
			isa = PBXSourcesBuildPhase;
			buildActionMask = 2147483647;
			files = (
				8D79ACE5DE14C4572E7DE940 /* AccessibilityHelper.swift in Sources */,
				BF2A349CB6AA45358B51427D /* AccessibilityPermissionWindow.swift in Sources */,

				82511E26FB4A956AE299C45B /* AppIconGenerator.swift in Sources */,
				4715C75B0747A25FE3A20435 /* CaseToggle.swift in Sources */,
				781BD5BF9F6D9168364A8C20 /* HotkeyManager.swift in Sources */,
				0022578FDB9C8FB2BD05974E /* IconGenerator.swift in Sources */,

				EDC581511B8EC6D69ADB87FF /* SimpleAppDelegate.swift in Sources */,
				D7D0036A43B5A151D61470D9 /* SimpleHotkeyDetector.swift in Sources */,
				F9AE8FC86F574ADB9141DC91 /* SimpleHotkeyManager.swift in Sources */,
				6BB05F09A4141D8E33E51504 /* SimpleLayoutSwitcher.swift in Sources */,
				2A51C6406D362113DABE2CF1 /* TextActions.swift in Sources */,

				4C8F88D8AC11EEE74D7525A5 /* Transliterator.swift in Sources */,
				9733938794B5AB766A6747EF /* WorkingHotkeyManager.swift in Sources */,
				735E7838B6BEEDA0B7EF3807 /* main.swift in Sources */,
			);
			runOnlyForDeploymentPostprocessing = 0;
		};
/* End PBXSourcesBuildPhase section */

/* Begin XCBuildConfiguration section */
		262E5C21CFFF46A68ED33A2E /* Release */ = {
			isa = XCBuildConfiguration;
			buildSettings = {
				ASSETCATALOG_COMPILER_APPICON_NAME = AppIcon;
				CODE_SIGN_STYLE = Automatic;
				COMBINE_HIDPI_IMAGES = YES;
				INFOPLIST_FILE = Sources/Teximo/Info.plist;
				LD_RUNPATH_SEARCH_PATHS = (
					"$(inherited)",
					"@executable_path/../Frameworks",
				);
				MACOSX_DEPLOYMENT_TARGET = 13.0;
				PRODUCT_BUNDLE_IDENTIFIER = dev.teximo.app;
				SDKROOT = macosx;
				SWIFT_VERSION = 5.0;
			};
			name = Release;
		};
		56BC94562FE23B166A476D0C /* Debug */ = {
			isa = XCBuildConfiguration;
			buildSettings = {
				ALWAYS_SEARCH_USER_PATHS = NO;
				CLANG_ANALYZER_NONNULL = YES;
				CLANG_ANALYZER_NUMBER_OBJECT_CONVERSION = YES_AGGRESSIVE;
				CLANG_CXX_LANGUAGE_STANDARD = "gnu++14";
				CLANG_CXX_LIBRARY = "libc++";
				CLANG_ENABLE_MODULES = YES;
				CLANG_ENABLE_OBJC_ARC = YES;
				CLANG_ENABLE_OBJC_WEAK = YES;
				CLANG_WARN_BLOCK_CAPTURE_AUTORELEASING = YES;
				CLANG_WARN_BOOL_CONVERSION = YES;
				CLANG_WARN_COMMA = YES;
				CLANG_WARN_CONSTANT_CONVERSION = YES;
				CLANG_WARN_DEPRECATED_OBJC_IMPLEMENTATIONS = YES;
				CLANG_WARN_DIRECT_OBJC_ISA_USAGE = YES_ERROR;
				CLANG_WARN_DOCUMENTATION_COMMENTS = YES;
				CLANG_WARN_EMPTY_BODY = YES;
				CLANG_WARN_ENUM_CONVERSION = YES;
				CLANG_WARN_INFINITE_RECURSION = YES;
				CLANG_WARN_INT_CONVERSION = YES;
				CLANG_WARN_NON_LITERAL_NULL_CONVERSION = YES;
				CLANG_WARN_OBJC_IMPLICIT_RETAIN_SELF = YES;
				CLANG_WARN_OBJC_LITERAL_CONVERSION = YES;
				CLANG_WARN_OBJC_ROOT_CLASS = YES_ERROR;
				CLANG_WARN_QUOTED_INCLUDE_IN_FRAMEWORK_HEADER = YES;
				CLANG_WARN_RANGE_LOOP_ANALYSIS = YES;
				CLANG_WARN_STRICT_PROTOTYPES = YES;
				CLANG_WARN_SUSPICIOUS_MOVE = YES;
				CLANG_WARN_UNGUARDED_AVAILABILITY = YES_AGGRESSIVE;
				CLANG_WARN_UNREACHABLE_CODE = YES;
				CLANG_WARN__DUPLICATE_METHOD_MATCH = YES;
				COPY_PHASE_STRIP = NO;
				DEBUG_INFORMATION_FORMAT = dwarf;
				ENABLE_STRICT_OBJC_MSGSEND = YES;
				ENABLE_TESTABILITY = YES;
				GCC_C_LANGUAGE_STANDARD = gnu11;
				GCC_DYNAMIC_NO_PIC = NO;
				GCC_NO_COMMON_BLOCKS = YES;
				GCC_OPTIMIZATION_LEVEL = 0;
				GCC_PREPROCESSOR_DEFINITIONS = (
					"$(inherited)",
					"DEBUG=1",
				);
				GCC_WARN_64_TO_32_BIT_CONVERSION = YES;
				GCC_WARN_ABOUT_RETURN_TYPE = YES_ERROR;
				GCC_WARN_UNDECLARED_SELECTOR = YES;
				GCC_WARN_UNINITIALIZED_AUTOS = YES_AGGRESSIVE;
				GCC_WARN_UNUSED_FUNCTION = YES;
				GCC_WARN_UNUSED_VARIABLE = YES;
				MTL_ENABLE_DEBUG_INFO = INCLUDE_SOURCE;
				MTL_FAST_MATH = YES;
				ONLY_ACTIVE_ARCH = YES;
				PRODUCT_NAME = "$(TARGET_NAME)";
				SDKROOT = macosx;
				SWIFT_ACTIVE_COMPILATION_CONDITIONS = DEBUG;
				SWIFT_OPTIMIZATION_LEVEL = "-Onone";
				SWIFT_VERSION = 5.0;
			};
			name = Debug;
		};
		A8A5D224605FCA8473EE7C3B /* Debug */ = {
			isa = XCBuildConfiguration;
			buildSettings = {
				ASSETCATALOG_COMPILER_APPICON_NAME = AppIcon;
				CODE_SIGN_STYLE = Automatic;
				COMBINE_HIDPI_IMAGES = YES;
				INFOPLIST_FILE = Sources/Teximo/Info.plist;
				LD_RUNPATH_SEARCH_PATHS = (
					"$(inherited)",
					"@executable_path/../Frameworks",
				);
				MACOSX_DEPLOYMENT_TARGET = 13.0;
				PRODUCT_BUNDLE_IDENTIFIER = dev.teximo.app;
				SDKROOT = macosx;
				SWIFT_VERSION = 5.0;
			};
			name = Debug;
		};
		BCECF26EAE5324AECBE103EC /* Release */ = {
			isa = XCBuildConfiguration;
			buildSettings = {
				ALWAYS_SEARCH_USER_PATHS = NO;
				CLANG_ANALYZER_NONNULL = YES;
				CLANG_ANALYZER_NUMBER_OBJECT_CONVERSION = YES_AGGRESSIVE;
				CLANG_CXX_LANGUAGE_STANDARD = "gnu++14";
				CLANG_CXX_LIBRARY = "libc++";
				CLANG_ENABLE_MODULES = YES;
				CLANG_ENABLE_OBJC_ARC = YES;
				CLANG_ENABLE_OBJC_WEAK = YES;
				CLANG_WARN_BLOCK_CAPTURE_AUTORELEASING = YES;
				CLANG_WARN_BOOL_CONVERSION = YES;
				CLANG_WARN_COMMA = YES;
				CLANG_WARN_CONSTANT_CONVERSION = YES;
				CLANG_WARN_DEPRECATED_OBJC_IMPLEMENTATIONS = YES;
				CLANG_WARN_DIRECT_OBJC_ISA_USAGE = YES_ERROR;
				CLANG_WARN_DOCUMENTATION_COMMENTS = YES;
				CLANG_WARN_EMPTY_BODY = YES;
				CLANG_WARN_ENUM_CONVERSION = YES;
				CLANG_WARN_INFINITE_RECURSION = YES;
				CLANG_WARN_INT_CONVERSION = YES;
				CLANG_WARN_NON_LITERAL_NULL_CONVERSION = YES;
				CLANG_WARN_OBJC_IMPLICIT_RETAIN_SELF = YES;
				CLANG_WARN_OBJC_LITERAL_CONVERSION = YES;
				CLANG_WARN_OBJC_ROOT_CLASS = YES_ERROR;
				CLANG_WARN_QUOTED_INCLUDE_IN_FRAMEWORK_HEADER = YES;
				CLANG_WARN_RANGE_LOOP_ANALYSIS = YES;
				CLANG_WARN_STRICT_PROTOTYPES = YES;
				CLANG_WARN_SUSPICIOUS_MOVE = YES;
				CLANG_WARN_UNGUARDED_AVAILABILITY = YES_AGGRESSIVE;
				CLANG_WARN_UNREACHABLE_CODE = YES;
				CLANG_WARN__DUPLICATE_METHOD_MATCH = YES;
				COPY_PHASE_STRIP = NO;
				DEBUG_INFORMATION_FORMAT = "dwarf-with-dsym";
				ENABLE_NS_ASSERTIONS = NO;
				ENABLE_STRICT_OBJC_MSGSEND = YES;
				GCC_C_LANGUAGE_STANDARD = gnu11;
				GCC_NO_COMMON_BLOCKS = YES;
				GCC_WARN_64_TO_32_BIT_CONVERSION = YES;
				GCC_WARN_ABOUT_RETURN_TYPE = YES_ERROR;
				GCC_WARN_UNDECLARED_SELECTOR = YES;
				GCC_WARN_UNINITIALIZED_AUTOS = YES_AGGRESSIVE;
				GCC_WARN_UNUSED_FUNCTION = YES;
				GCC_WARN_UNUSED_VARIABLE = YES;
				MTL_ENABLE_DEBUG_INFO = NO;
				MTL_FAST_MATH = YES;
				PRODUCT_NAME = "$(TARGET_NAME)";
				SDKROOT = macosx;
				SWIFT_COMPILATION_MODE = wholemodule;
				SWIFT_OPTIMIZATION_LEVEL = "-O";
				SWIFT_VERSION = 5.0;
			};
			name = Release;
		};
/* End XCBuildConfiguration section */

/* Begin XCConfigurationList section */
		5030246BEEDB50C996956E57 /* Build configuration list for PBXProject "Teximo" */ = {
			isa = XCConfigurationList;
			buildConfigurations = (
				56BC94562FE23B166A476D0C /* Debug */,
				BCECF26EAE5324AECBE103EC /* Release */,
			);
			defaultConfigurationIsVisible = 0;
			defaultConfigurationName = Debug;
		};
		DF5E996DFA50175A0A29FE07 /* Build configuration list for PBXNativeTarget "Teximo" */ = {
			isa = XCConfigurationList;
			buildConfigurations = (
				A8A5D224605FCA8473EE7C3B /* Debug */,
				262E5C21CFFF46A68ED33A2E /* Release */,
			);
			defaultConfigurationIsVisible = 0;
			defaultConfigurationName = Debug;
		};
/* End XCConfigurationList section */
	};
	rootObject = 88D94721360BB7DDE788B3CD /* Project object */;
}
